
Microsoft Visual Studio Solution File, Format Version 12.00
# Visual Studio Version 17
VisualStudioVersion = 17.0.32014.148
MinimumVisualStudioVersion = 10.0.40219.1
Project("{FAE04EC0-301F-11D3-BF4B-00C04F79EFBC}") = "StopWatch", "StopWatch\StopWatch.csproj", "{F7F63E17-47C8-48D8-B5B1-FDC2CBEF7A11}"
EndProject
Global
	GlobalSection(SolutionConfigurationPlatforms) = preSolution
		Debug|Any CPU = Debug|Any CPU
		Release|Any CPU = Release|Any CPU
	EndGlobalSection
	GlobalSection(ProjectConfigurationPlatforms) = postSolution
		{F7F63E17-47C8-48D8-B5B1-FDC2CBEF7A11}.Debug|Any CPU.ActiveCfg = Debug|Any CPU
		{F7F63E17-47C8-48D8-B5B1-FDC2CBEF7A11}.Debug|Any CPU.Build.0 = Debug|Any CPU
		{F7F63E17-47C8-48D8-B5B1-FDC2CBEF7A11}.Release|Any CPU.ActiveCfg = Release|Any CPU
		{F7F63E17-47C8-48D8-B5B1-FDC2CBEF7A11}.Release|Any CPU.Build.0 = Release|Any CPU
	EndGlobalSection
	GlobalSection(SolutionProperties) = preSolution
		HideSolutionNode = FALSE
	EndGlobalSection
	GlobalSection(ExtensibilityGlobals) = postSolution
		SolutionGuid = {BDFBAA3D-DFB5-47FC-8B6C-F93E292E57F1}
	EndGlobalSection
EndGlobal
